
Microsoft Visual Studio Solution File, Format Version 12.00
# Visual Studio Version 17
VisualStudioVersion = 17.8.34511.84
MinimumVisualStudioVersion = 10.0.40219.1
Project("{FAE04EC0-301F-11D3-BF4B-00C04F79EFBC}") = "Workaround", "Workaround\Workaround.csproj", "{A0789A7A-3E86-46FA-8032-C75DBC329DC0}"
EndProject
Project("{FAE04EC0-301F-11D3-BF4B-00C04F79EFBC}") = "Entities", "Entities\Entities.csproj", "{8AF4CF1C-823F-4419-8B1A-B56043F792B4}"
EndProject
Project("{FAE04EC0-301F-11D3-BF4B-00C04F79EFBC}") = "Business", "Business\Business.csproj", "{625B08F4-DCEC-4BC7-9048-699A1A29BC8C}"
EndProject
Global
	GlobalSection(SolutionConfigurationPlatforms) = preSolution
		Debug|Any CPU = Debug|Any CPU
		Release|Any CPU = Release|Any CPU
	EndGlobalSection
	GlobalSection(ProjectConfigurationPlatforms) = postSolution
		{A0789A7A-3E86-46FA-8032-C75DBC329DC0}.Debug|Any CPU.ActiveCfg = Debug|Any CPU
		{A0789A7A-3E86-46FA-8032-C75DBC329DC0}.Debug|Any CPU.Build.0 = Debug|Any CPU
		{A0789A7A-3E86-46FA-8032-C75DBC329DC0}.Release|Any CPU.ActiveCfg = Release|Any CPU
		{A0789A7A-3E86-46FA-8032-C75DBC329DC0}.Release|Any CPU.Build.0 = Release|Any CPU
		{8AF4CF1C-823F-4419-8B1A-B56043F792B4}.Debug|Any CPU.ActiveCfg = Debug|Any CPU
		{8AF4CF1C-823F-4419-8B1A-B56043F792B4}.Debug|Any CPU.Build.0 = Debug|Any CPU
		{8AF4CF1C-823F-4419-8B1A-B56043F792B4}.Release|Any CPU.ActiveCfg = Release|Any CPU
		{8AF4CF1C-823F-4419-8B1A-B56043F792B4}.Release|Any CPU.Build.0 = Release|Any CPU
		{625B08F4-DCEC-4BC7-9048-699A1A29BC8C}.Debug|Any CPU.ActiveCfg = Debug|Any CPU
		{625B08F4-DCEC-4BC7-9048-699A1A29BC8C}.Debug|Any CPU.Build.0 = Debug|Any CPU
		{625B08F4-DCEC-4BC7-9048-699A1A29BC8C}.Release|Any CPU.ActiveCfg = Release|Any CPU
		{625B08F4-DCEC-4BC7-9048-699A1A29BC8C}.Release|Any CPU.Build.0 = Release|Any CPU
	EndGlobalSection
	GlobalSection(SolutionProperties) = preSolution
		HideSolutionNode = FALSE
	EndGlobalSection
	GlobalSection(ExtensibilityGlobals) = postSolution
		SolutionGuid = {F08C150E-FA75-43B3-AAF7-57349007F2B5}
	EndGlobalSection
EndGlobal
